
Microsoft Visual Studio Solution File, Format Version 12.00
# Visual Studio Version 16
VisualStudioVersion = 16.0.32929.386
MinimumVisualStudioVersion = 10.0.40219.1
Project("{FAE04EC0-301F-11D3-BF4B-00C04F79EFBC}") = "TwentyOne_Game", "TwentyOne_Game\TwentyOne_Game.csproj", "{2C0E3486-0B69-4875-886A-96C7C5DA6653}"
EndProject
Project("{FAE04EC0-301F-11D3-BF4B-00C04F79EFBC}") = "Casino", "Casino\Casino.csproj", "{7149E9AB-81EA-4847-8AA5-DB94B0C31D8F}"
EndProject
Global
	GlobalSection(SolutionConfigurationPlatforms) = preSolution
		Debug|Any CPU = Debug|Any CPU
		Release|Any CPU = Release|Any CPU
	EndGlobalSection
	GlobalSection(ProjectConfigurationPlatforms) = postSolution
		{2C0E3486-0B69-4875-886A-96C7C5DA6653}.Debug|Any CPU.ActiveCfg = Debug|Any CPU
		{2C0E3486-0B69-4875-886A-96C7C5DA6653}.Debug|Any CPU.Build.0 = Debug|Any CPU
		{2C0E3486-0B69-4875-886A-96C7C5DA6653}.Release|Any CPU.ActiveCfg = Release|Any CPU
		{2C0E3486-0B69-4875-886A-96C7C5DA6653}.Release|Any CPU.Build.0 = Release|Any CPU
		{7149E9AB-81EA-4847-8AA5-DB94B0C31D8F}.Debug|Any CPU.ActiveCfg = Debug|Any CPU
		{7149E9AB-81EA-4847-8AA5-DB94B0C31D8F}.Debug|Any CPU.Build.0 = Debug|Any CPU
		{7149E9AB-81EA-4847-8AA5-DB94B0C31D8F}.Release|Any CPU.ActiveCfg = Release|Any CPU
		{7149E9AB-81EA-4847-8AA5-DB94B0C31D8F}.Release|Any CPU.Build.0 = Release|Any CPU
	EndGlobalSection
	GlobalSection(SolutionProperties) = preSolution
		HideSolutionNode = FALSE
	EndGlobalSection
	GlobalSection(ExtensibilityGlobals) = postSolution
		SolutionGuid = {68DF548C-DB6B-4842-8981-87348CAEB18B}
	EndGlobalSection
EndGlobal
