
Microsoft Visual Studio Solution File, Format Version 12.00
# Visual Studio Version 16
VisualStudioVersion = 16.0.33027.164
MinimumVisualStudioVersion = 10.0.40219.1
Project("{FAE04EC0-301F-11D3-BF4B-00C04F79EFBC}") = "AzureChallenge", "AzureChallenge\AzureChallenge.csproj", "{5CC6085E-A123-4E03-B8C0-C35EAA22DDC9}"
EndProject
Global
	GlobalSection(SolutionConfigurationPlatforms) = preSolution
		Debug|Any CPU = Debug|Any CPU
		Release|Any CPU = Release|Any CPU
	EndGlobalSection
	GlobalSection(ProjectConfigurationPlatforms) = postSolution
		{5CC6085E-A123-4E03-B8C0-C35EAA22DDC9}.Debug|Any CPU.ActiveCfg = Debug|Any CPU
		{5CC6085E-A123-4E03-B8C0-C35EAA22DDC9}.Debug|Any CPU.Build.0 = Debug|Any CPU
		{5CC6085E-A123-4E03-B8C0-C35EAA22DDC9}.Release|Any CPU.ActiveCfg = Release|Any CPU
		{5CC6085E-A123-4E03-B8C0-C35EAA22DDC9}.Release|Any CPU.Build.0 = Release|Any CPU
	EndGlobalSection
	GlobalSection(SolutionProperties) = preSolution
		HideSolutionNode = FALSE
	EndGlobalSection
	GlobalSection(ExtensibilityGlobals) = postSolution
		SolutionGuid = {14667C8E-3A17-4560-A32B-87CA808EB600}
	EndGlobalSection
EndGlobal
