
Microsoft Visual Studio Solution File, Format Version 12.00
# Visual Studio Version 16
VisualStudioVersion = 16.0.32929.386
MinimumVisualStudioVersion = 10.0.40219.1
Project("{FAE04EC0-301F-11D3-BF4B-00C04F79EFBC}") = "Constructor_Assignment", "Constructor_Assignment\Constructor_Assignment.csproj", "{4ED59146-4419-4512-93D9-4990AF05A092}"
EndProject
Global
	GlobalSection(SolutionConfigurationPlatforms) = preSolution
		Debug|Any CPU = Debug|Any CPU
		Release|Any CPU = Release|Any CPU
	EndGlobalSection
	GlobalSection(ProjectConfigurationPlatforms) = postSolution
		{4ED59146-4419-4512-93D9-4990AF05A092}.Debug|Any CPU.ActiveCfg = Debug|Any CPU
		{4ED59146-4419-4512-93D9-4990AF05A092}.Debug|Any CPU.Build.0 = Debug|Any CPU
		{4ED59146-4419-4512-93D9-4990AF05A092}.Release|Any CPU.ActiveCfg = Release|Any CPU
		{4ED59146-4419-4512-93D9-4990AF05A092}.Release|Any CPU.Build.0 = Release|Any CPU
	EndGlobalSection
	GlobalSection(SolutionProperties) = preSolution
		HideSolutionNode = FALSE
	EndGlobalSection
	GlobalSection(ExtensibilityGlobals) = postSolution
		SolutionGuid = {2C0CDF26-540D-4BD1-9A48-3929A225734E}
	EndGlobalSection
EndGlobal
