
Microsoft Visual Studio Solution File, Format Version 12.00
# Visual Studio Version 16
VisualStudioVersion = 16.0.32929.386
MinimumVisualStudioVersion = 10.0.40219.1
Project("{FAE04EC0-301F-11D3-BF4B-00C04F79EFBC}") = "MethodsSubmission_Assignment", "MethodsSubmission_Assignment\MethodsSubmission_Assignment.csproj", "{BB87FA88-6C89-4A5E-AA34-F16B48C82C2E}"
EndProject
Global
	GlobalSection(SolutionConfigurationPlatforms) = preSolution
		Debug|Any CPU = Debug|Any CPU
		Release|Any CPU = Release|Any CPU
	EndGlobalSection
	GlobalSection(ProjectConfigurationPlatforms) = postSolution
		{BB87FA88-6C89-4A5E-AA34-F16B48C82C2E}.Debug|Any CPU.ActiveCfg = Debug|Any CPU
		{BB87FA88-6C89-4A5E-AA34-F16B48C82C2E}.Debug|Any CPU.Build.0 = Debug|Any CPU
		{BB87FA88-6C89-4A5E-AA34-F16B48C82C2E}.Release|Any CPU.ActiveCfg = Release|Any CPU
		{BB87FA88-6C89-4A5E-AA34-F16B48C82C2E}.Release|Any CPU.Build.0 = Release|Any CPU
	EndGlobalSection
	GlobalSection(SolutionProperties) = preSolution
		HideSolutionNode = FALSE
	EndGlobalSection
	GlobalSection(ExtensibilityGlobals) = postSolution
		SolutionGuid = {112406E5-DBEA-4A71-A939-90AC2B314AEF}
	EndGlobalSection
EndGlobal
