
Microsoft Visual Studio Solution File, Format Version 12.00
# Visual Studio Version 16
VisualStudioVersion = 16.0.32929.386
MinimumVisualStudioVersion = 10.0.40219.1
Project("{FAE04EC0-301F-11D3-BF4B-00C04F79EFBC}") = "myConsoleProject.cs", "myConsoleProject.cs.\myConsoleProject.cs.csproj", "{1769AA58-3A14-4DC5-95FF-8DB95BD6921F}"
EndProject
Global
	GlobalSection(SolutionConfigurationPlatforms) = preSolution
		Debug|Any CPU = Debug|Any CPU
		Release|Any CPU = Release|Any CPU
	EndGlobalSection
	GlobalSection(ProjectConfigurationPlatforms) = postSolution
		{1769AA58-3A14-4DC5-95FF-8DB95BD6921F}.Debug|Any CPU.ActiveCfg = Debug|Any CPU
		{1769AA58-3A14-4DC5-95FF-8DB95BD6921F}.Debug|Any CPU.Build.0 = Debug|Any CPU
		{1769AA58-3A14-4DC5-95FF-8DB95BD6921F}.Release|Any CPU.ActiveCfg = Release|Any CPU
		{1769AA58-3A14-4DC5-95FF-8DB95BD6921F}.Release|Any CPU.Build.0 = Release|Any CPU
	EndGlobalSection
	GlobalSection(SolutionProperties) = preSolution
		HideSolutionNode = FALSE
	EndGlobalSection
	GlobalSection(ExtensibilityGlobals) = postSolution
		SolutionGuid = {7825B3D5-C67A-416E-AB18-93E0736EEFAA}
	EndGlobalSection
EndGlobal
