
Microsoft Visual Studio Solution File, Format Version 12.00
# Visual Studio Version 16
VisualStudioVersion = 16.0.32929.386
MinimumVisualStudioVersion = 10.0.40219.1
Project("{FAE04EC0-301F-11D3-BF4B-00C04F79EFBC}") = "Daily_Report_Assignment", "Daily_Report_Assignment\Daily_Report_Assignment.csproj", "{90C81AC8-DA72-4EF6-8757-368B18FBCE26}"
EndProject
Global
	GlobalSection(SolutionConfigurationPlatforms) = preSolution
		Debug|Any CPU = Debug|Any CPU
		Release|Any CPU = Release|Any CPU
	EndGlobalSection
	GlobalSection(ProjectConfigurationPlatforms) = postSolution
		{90C81AC8-DA72-4EF6-8757-368B18FBCE26}.Debug|Any CPU.ActiveCfg = Debug|Any CPU
		{90C81AC8-DA72-4EF6-8757-368B18FBCE26}.Debug|Any CPU.Build.0 = Debug|Any CPU
		{90C81AC8-DA72-4EF6-8757-368B18FBCE26}.Release|Any CPU.ActiveCfg = Release|Any CPU
		{90C81AC8-DA72-4EF6-8757-368B18FBCE26}.Release|Any CPU.Build.0 = Release|Any CPU
	EndGlobalSection
	GlobalSection(SolutionProperties) = preSolution
		HideSolutionNode = FALSE
	EndGlobalSection
	GlobalSection(ExtensibilityGlobals) = postSolution
		SolutionGuid = {29A81D82-F7AB-48FB-83C1-9CF11FAB0DC5}
	EndGlobalSection
EndGlobal
